// !$*UTF8*$!
{
	archiveVersion = 1;
	classes = {
	};
	objectVersion = 55;
	objects = {

/* Begin PBXBuildFile section */
		CA26036D2C20973600822CA5 /* DetentsHelper.swift in Sources */ = {isa = PBXBuildFile; fileRef = CA26036C2C20973600822CA5 /* DetentsHelper.swift */; };
		CA3D0E322C20B27B00CCF7CD /* ConnectToNetworkFeature.swift in Sources */ = {isa = PBXBuildFile; fileRef = DC5EB9B82C0525980034B757 /* ConnectToNetworkFeature.swift */; };
		CA3D0E332C20B27B00CCF7CD /* NetworkDetailFeature.swift in Sources */ = {isa = PBXBuildFile; fileRef = DC5EB9BA2C0525980034B757 /* NetworkDetailFeature.swift */; };
		CA3D0E342C20B27B00CCF7CD /* Network.swift in Sources */ = {isa = PBXBuildFile; fileRef = DC5EB9B92C0525980034B757 /* Network.swift */; };
		CA3D0E352C20B27B00CCF7CD /* WiFiSettingsFeature.swift in Sources */ = {isa = PBXBuildFile; fileRef = DC5EB9BB2C0525980034B757 /* WiFiSettingsFeature.swift */; };
		CA456DA82CB810BA00F04E02 /* IdentifiedCollections in Frameworks */ = {isa = PBXBuildFile; productRef = CA456DA72CB810BA00F04E02 /* IdentifiedCollections */; };
		CA4737CF272F09600012CAC3 /* Assets.xcassets in Resources */ = {isa = PBXBuildFile; fileRef = CA4737CE272F09600012CAC3 /* Assets.xcassets */; };
		CA4737F4272F09780012CAC3 /* SwiftUINavigation in Frameworks */ = {isa = PBXBuildFile; productRef = CA4737F3272F09780012CAC3 /* SwiftUINavigation */; };
		CA4737F9272F09D00012CAC3 /* ItemRow.swift in Sources */ = {isa = PBXBuildFile; fileRef = CA4737F5272F09D00012CAC3 /* ItemRow.swift */; };
		CA4737FA272F09D00012CAC3 /* Item.swift in Sources */ = {isa = PBXBuildFile; fileRef = CA4737F6272F09D00012CAC3 /* Item.swift */; };
		CA4737FB272F09D00012CAC3 /* App.swift in Sources */ = {isa = PBXBuildFile; fileRef = CA4737F7272F09D00012CAC3 /* App.swift */; };
		CA4737FC272F09D00012CAC3 /* Inventory.swift in Sources */ = {isa = PBXBuildFile; fileRef = CA4737F8272F09D00012CAC3 /* Inventory.swift */; };
		CA47380B272F0D340012CAC3 /* Assets.xcassets in Resources */ = {isa = PBXBuildFile; fileRef = CA47380A272F0D340012CAC3 /* Assets.xcassets */; };
		CA473834272F0D860012CAC3 /* RootView.swift in Sources */ = {isa = PBXBuildFile; fileRef = CA47382E272F0D860012CAC3 /* RootView.swift */; };
		CA473836272F0D860012CAC3 /* CaseStudiesApp.swift in Sources */ = {isa = PBXBuildFile; fileRef = CA473830272F0D860012CAC3 /* CaseStudiesApp.swift */; };
		CA473837272F0D860012CAC3 /* FactClient.swift in Sources */ = {isa = PBXBuildFile; fileRef = CA473831272F0D860012CAC3 /* FactClient.swift */; };
		CA473838272F0D860012CAC3 /* OptionalNavigation.swift in Sources */ = {isa = PBXBuildFile; fileRef = CA473832272F0D860012CAC3 /* OptionalNavigation.swift */; };
		CA48F2FA2C49645100BE2C3C /* SwiftUINavigation in Frameworks */ = {isa = PBXBuildFile; productRef = CA48F2F92C49645100BE2C3C /* SwiftUINavigation */; };
		CA48F2FC2C49645100BE2C3C /* UIKitNavigation in Frameworks */ = {isa = PBXBuildFile; productRef = CA48F2FB2C49645100BE2C3C /* UIKitNavigation */; };
		CA48F3022C49650100BE2C3C /* IdentifiedCollections in Frameworks */ = {isa = PBXBuildFile; productRef = CA48F3012C49650100BE2C3C /* IdentifiedCollections */; };
		CA48F3052C49650F00BE2C3C /* Tagged in Frameworks */ = {isa = PBXBuildFile; productRef = CA48F3042C49650F00BE2C3C /* Tagged */; };
		CA48F3082C49651700BE2C3C /* ConcurrencyExtras in Frameworks */ = {isa = PBXBuildFile; productRef = CA48F3072C49651700BE2C3C /* ConcurrencyExtras */; };
		CA49D9542C20D4DF00E6C5BB /* ErasedNavigationStackController.swift in Sources */ = {isa = PBXBuildFile; fileRef = CA49D9532C20D4DF00E6C5BB /* ErasedNavigationStackController.swift */; };
		CA49D9622C20EAB000E6C5BB /* PresentationTests.swift in Sources */ = {isa = PBXBuildFile; fileRef = DC5EB9D22C0525FA0034B757 /* PresentationTests.swift */; };
		CA49D9632C20EAB000E6C5BB /* NavigationStackTests.swift in Sources */ = {isa = PBXBuildFile; fileRef = DC5EB9D32C0525FA0034B757 /* NavigationStackTests.swift */; };
		CA49D9642C20EAB000E6C5BB /* NavigationPathTests.swift in Sources */ = {isa = PBXBuildFile; fileRef = CA7403D82C0A595D007FADC0 /* NavigationPathTests.swift */; };
		CA49D9652C20EB0C00E6C5BB /* AssertEventually.swift in Sources */ = {isa = PBXBuildFile; fileRef = DC5EB9CB2C0525E80034B757 /* AssertEventually.swift */; };
		CA49D9662C20EB0C00E6C5BB /* SetUp.swift in Sources */ = {isa = PBXBuildFile; fileRef = DC5EB9CC2C0525E80034B757 /* SetUp.swift */; };
		CA49D9672C20EB0C00E6C5BB /* XCTTODO.swift in Sources */ = {isa = PBXBuildFile; fileRef = DC5EB9CD2C0525E80034B757 /* XCTTODO.swift */; };
		CA601BAC2C21ED95006B0C5F /* RuntimeWarningTests.swift in Sources */ = {isa = PBXBuildFile; fileRef = CA601BAB2C21ED95006B0C5F /* RuntimeWarningTests.swift */; };
		CA601BAE2C234613006B0C5F /* AnimationsViewController.swift in Sources */ = {isa = PBXBuildFile; fileRef = CA601BAD2C234613006B0C5F /* AnimationsViewController.swift */; };
		CA601BB02C236544006B0C5F /* FocusViewController.swift in Sources */ = {isa = PBXBuildFile; fileRef = CA601BAF2C236544006B0C5F /* FocusViewController.swift */; };
		CA9D70452C1F6001003B672A /* UIKitCaseStudies.swift in Sources */ = {isa = PBXBuildFile; fileRef = CA9D70442C1F6001003B672A /* UIKitCaseStudies.swift */; };
		CA9D70472C1F6108003B672A /* AlertDialogState.swift in Sources */ = {isa = PBXBuildFile; fileRef = CA9D70462C1F6108003B672A /* AlertDialogState.swift */; };
		CA9D704E2C1FAFAD003B672A /* ConciseEnumNavigationViewController.swift in Sources */ = {isa = PBXBuildFile; fileRef = CA9D704D2C1FAFAD003B672A /* ConciseEnumNavigationViewController.swift */; };
		CA9D70502C1FB431003B672A /* StaticNavigationStackController.swift in Sources */ = {isa = PBXBuildFile; fileRef = CA9D704F2C1FB431003B672A /* StaticNavigationStackController.swift */; };
		CA9D70542C1FB4FA003B672A /* BasicsNavigationViewController.swift in Sources */ = {isa = PBXBuildFile; fileRef = CA9D70532C1FB4FA003B672A /* BasicsNavigationViewController.swift */; };
		CA9D70562C2087DC003B672A /* EnumControls.swift in Sources */ = {isa = PBXBuildFile; fileRef = CA9D70552C2087DC003B672A /* EnumControls.swift */; };
		CA9D70582C2088B7003B672A /* MinimalObservationViewController.swift in Sources */ = {isa = PBXBuildFile; fileRef = CA9D70572C2088B7003B672A /* MinimalObservationViewController.swift */; };
		CA9D705A2C208977003B672A /* UIControlBindingsViewController.swift in Sources */ = {isa = PBXBuildFile; fileRef = CA9D70592C208977003B672A /* UIControlBindingsViewController.swift */; };
		CA9D705E2C2089DD003B672A /* EnumControlsViewController.swift in Sources */ = {isa = PBXBuildFile; fileRef = CA9D705D2C2089DD003B672A /* EnumControlsViewController.swift */; };
		CAAFA9D32C8B422800BB2BA1 /* UIKitNavigation in Frameworks */ = {isa = PBXBuildFile; productRef = CAAFA9D22C8B422800BB2BA1 /* UIKitNavigation */; };
		CAAFA9D52C8B42F900BB2BA1 /* Import.swift in Sources */ = {isa = PBXBuildFile; fileRef = CAAFA9D42C8B42F900BB2BA1 /* Import.swift */; };
		CAAFA9D72C8B468000BB2BA1 /* AppKitNavigation in Frameworks */ = {isa = PBXBuildFile; productRef = CAAFA9D62C8B468000BB2BA1 /* AppKitNavigation */; };
		CAAFA9D92C8B468000BB2BA1 /* SwiftNavigation in Frameworks */ = {isa = PBXBuildFile; productRef = CAAFA9D82C8B468000BB2BA1 /* SwiftNavigation */; };
		CAAFA9DB2C8B468000BB2BA1 /* SwiftUINavigation in Frameworks */ = {isa = PBXBuildFile; productRef = CAAFA9DA2C8B468000BB2BA1 /* SwiftUINavigation */; };
		CABE9FC1272F2C0000AFC150 /* EnumNavigation.swift in Sources */ = {isa = PBXBuildFile; fileRef = CABE9FC0272F2C0000AFC150 /* EnumNavigation.swift */; };
		CADCA3632C1CE75500DE645F /* SwiftUICaseStudies.swift in Sources */ = {isa = PBXBuildFile; fileRef = CADCA3622C1CE75500DE645F /* SwiftUICaseStudies.swift */; };
		CADCA3662C1CE8BE00DE645F /* CaseStudy.swift in Sources */ = {isa = PBXBuildFile; fileRef = CADCA3652C1CE8BE00DE645F /* CaseStudy.swift */; };
		DC6A8411291F227400B3F6C9 /* SynchronizedBindings.swift in Sources */ = {isa = PBXBuildFile; fileRef = DC6A8410291F227400B3F6C9 /* SynchronizedBindings.swift */; };
		DC86E8712C208D8D003C0EC9 /* Text+Template.swift in Sources */ = {isa = PBXBuildFile; fileRef = DC86E8702C208D8A003C0EC9 /* Text+Template.swift */; };
/* End PBXBuildFile section */

/* Begin PBXContainerItemProxy section */
		CA49D95D2C20EAA400E6C5BB /* PBXContainerItemProxy */ = {
			isa = PBXContainerItemProxy;
			containerPortal = CA47378C272F08EF0012CAC3 /* Project object */;
			proxyType = 1;
			remoteGlobalIDString = CA473803272F0D330012CAC3;
			remoteInfo = CaseStudies;
		};
/* End PBXContainerItemProxy section */

/* Begin PBXFileReference section */
		CA26036C2C20973600822CA5 /* DetentsHelper.swift */ = {isa = PBXFileReference; lastKnownFileType = sourcecode.swift; path = DetentsHelper.swift; sourceTree = "<group>"; };
		CA4737C8272F095F0012CAC3 /* Inventory.app */ = {isa = PBXFileReference; explicitFileType = wrapper.application; includeInIndex = 0; path = Inventory.app; sourceTree = BUILT_PRODUCTS_DIR; };
		CA4737CE272F09600012CAC3 /* Assets.xcassets */ = {isa = PBXFileReference; lastKnownFileType = folder.assetcatalog; path = Assets.xcassets; sourceTree = "<group>"; };
		CA4737F5272F09D00012CAC3 /* ItemRow.swift */ = {isa = PBXFileReference; fileEncoding = 4; lastKnownFileType = sourcecode.swift; path = ItemRow.swift; sourceTree = "<group>"; };
		CA4737F6272F09D00012CAC3 /* Item.swift */ = {isa = PBXFileReference; fileEncoding = 4; lastKnownFileType = sourcecode.swift; path = Item.swift; sourceTree = "<group>"; };
		CA4737F7272F09D00012CAC3 /* App.swift */ = {isa = PBXFileReference; fileEncoding = 4; lastKnownFileType = sourcecode.swift; path = App.swift; sourceTree = "<group>"; };
		CA4737F8272F09D00012CAC3 /* Inventory.swift */ = {isa = PBXFileReference; fileEncoding = 4; lastKnownFileType = sourcecode.swift; path = Inventory.swift; sourceTree = "<group>"; };
		CA473804272F0D330012CAC3 /* CaseStudies.app */ = {isa = PBXFileReference; explicitFileType = wrapper.application; includeInIndex = 0; path = CaseStudies.app; sourceTree = BUILT_PRODUCTS_DIR; };
		CA47380A272F0D340012CAC3 /* Assets.xcassets */ = {isa = PBXFileReference; lastKnownFileType = folder.assetcatalog; path = Assets.xcassets; sourceTree = "<group>"; };
		CA47382E272F0D860012CAC3 /* RootView.swift */ = {isa = PBXFileReference; fileEncoding = 4; lastKnownFileType = sourcecode.swift; path = RootView.swift; sourceTree = "<group>"; };
		CA473830272F0D860012CAC3 /* CaseStudiesApp.swift */ = {isa = PBXFileReference; fileEncoding = 4; lastKnownFileType = sourcecode.swift; path = CaseStudiesApp.swift; sourceTree = "<group>"; };
		CA473831272F0D860012CAC3 /* FactClient.swift */ = {isa = PBXFileReference; fileEncoding = 4; lastKnownFileType = sourcecode.swift; path = FactClient.swift; sourceTree = "<group>"; };
		CA473832272F0D860012CAC3 /* OptionalNavigation.swift */ = {isa = PBXFileReference; fileEncoding = 4; lastKnownFileType = sourcecode.swift; path = OptionalNavigation.swift; sourceTree = "<group>"; };
		CA47383C272F0F0D0012CAC3 /* Info.plist */ = {isa = PBXFileReference; lastKnownFileType = text.plist; path = Info.plist; sourceTree = "<group>"; };
		CA48F2F82C49644000BE2C3C /* swiftui-navigation */ = {isa = PBXFileReference; lastKnownFileType = wrapper; name = "swiftui-navigation"; path = ..; sourceTree = "<group>"; };
		CA49D9532C20D4DF00E6C5BB /* ErasedNavigationStackController.swift */ = {isa = PBXFileReference; lastKnownFileType = sourcecode.swift; path = ErasedNavigationStackController.swift; sourceTree = "<group>"; };
		CA49D9592C20EAA400E6C5BB /* CaseStudiesTests.xctest */ = {isa = PBXFileReference; explicitFileType = wrapper.cfbundle; includeInIndex = 0; path = CaseStudiesTests.xctest; sourceTree = BUILT_PRODUCTS_DIR; };
		CA49D9682C20EB7200E6C5BB /* CaseStudies.xctestplan */ = {isa = PBXFileReference; lastKnownFileType = text; path = CaseStudies.xctestplan; sourceTree = "<group>"; };
		CA601BAB2C21ED95006B0C5F /* RuntimeWarningTests.swift */ = {isa = PBXFileReference; lastKnownFileType = sourcecode.swift; path = RuntimeWarningTests.swift; sourceTree = "<group>"; };
		CA601BAD2C234613006B0C5F /* AnimationsViewController.swift */ = {isa = PBXFileReference; lastKnownFileType = sourcecode.swift; path = AnimationsViewController.swift; sourceTree = "<group>"; };
		CA601BAF2C236544006B0C5F /* FocusViewController.swift */ = {isa = PBXFileReference; lastKnownFileType = sourcecode.swift; path = FocusViewController.swift; sourceTree = "<group>"; };
		CA7403D82C0A595D007FADC0 /* NavigationPathTests.swift */ = {isa = PBXFileReference; lastKnownFileType = sourcecode.swift; path = NavigationPathTests.swift; sourceTree = "<group>"; };
		CA9D70442C1F6001003B672A /* UIKitCaseStudies.swift */ = {isa = PBXFileReference; lastKnownFileType = sourcecode.swift; path = UIKitCaseStudies.swift; sourceTree = "<group>"; };
		CA9D70462C1F6108003B672A /* AlertDialogState.swift */ = {isa = PBXFileReference; lastKnownFileType = sourcecode.swift; path = AlertDialogState.swift; sourceTree = "<group>"; };
		CA9D704D2C1FAFAD003B672A /* ConciseEnumNavigationViewController.swift */ = {isa = PBXFileReference; lastKnownFileType = sourcecode.swift; path = ConciseEnumNavigationViewController.swift; sourceTree = "<group>"; };
		CA9D704F2C1FB431003B672A /* StaticNavigationStackController.swift */ = {isa = PBXFileReference; lastKnownFileType = sourcecode.swift; path = StaticNavigationStackController.swift; sourceTree = "<group>"; };
		CA9D70532C1FB4FA003B672A /* BasicsNavigationViewController.swift */ = {isa = PBXFileReference; lastKnownFileType = sourcecode.swift; path = BasicsNavigationViewController.swift; sourceTree = "<group>"; };
		CA9D70552C2087DC003B672A /* EnumControls.swift */ = {isa = PBXFileReference; lastKnownFileType = sourcecode.swift; path = EnumControls.swift; sourceTree = "<group>"; };
		CA9D70572C2088B7003B672A /* MinimalObservationViewController.swift */ = {isa = PBXFileReference; lastKnownFileType = sourcecode.swift; path = MinimalObservationViewController.swift; sourceTree = "<group>"; };
		CA9D70592C208977003B672A /* UIControlBindingsViewController.swift */ = {isa = PBXFileReference; lastKnownFileType = sourcecode.swift; path = UIControlBindingsViewController.swift; sourceTree = "<group>"; };
		CA9D705D2C2089DD003B672A /* EnumControlsViewController.swift */ = {isa = PBXFileReference; lastKnownFileType = sourcecode.swift; path = EnumControlsViewController.swift; sourceTree = "<group>"; };
		CAAFA9CB2C8B422100BB2BA1 /* DynamicFramework.framework */ = {isa = PBXFileReference; explicitFileType = wrapper.framework; includeInIndex = 0; path = DynamicFramework.framework; sourceTree = BUILT_PRODUCTS_DIR; };
		CAAFA9D42C8B42F900BB2BA1 /* Import.swift */ = {isa = PBXFileReference; lastKnownFileType = sourcecode.swift; path = Import.swift; sourceTree = "<group>"; };
		CAAFA9DC2C8B4CA900BB2BA1 /* DynamicFramework.h */ = {isa = PBXFileReference; lastKnownFileType = sourcecode.c.h; path = DynamicFramework.h; sourceTree = "<group>"; };
		CABE9FC0272F2C0000AFC150 /* EnumNavigation.swift */ = {isa = PBXFileReference; lastKnownFileType = sourcecode.swift; path = EnumNavigation.swift; sourceTree = "<group>"; };
		CADCA3622C1CE75500DE645F /* SwiftUICaseStudies.swift */ = {isa = PBXFileReference; lastKnownFileType = sourcecode.swift; path = SwiftUICaseStudies.swift; sourceTree = "<group>"; };
		CADCA3652C1CE8BE00DE645F /* CaseStudy.swift */ = {isa = PBXFileReference; lastKnownFileType = sourcecode.swift; path = CaseStudy.swift; sourceTree = "<group>"; };
		DC5EB9B82C0525980034B757 /* ConnectToNetworkFeature.swift */ = {isa = PBXFileReference; fileEncoding = 4; lastKnownFileType = sourcecode.swift; path = ConnectToNetworkFeature.swift; sourceTree = "<group>"; };
		DC5EB9B92C0525980034B757 /* Network.swift */ = {isa = PBXFileReference; fileEncoding = 4; lastKnownFileType = sourcecode.swift; path = Network.swift; sourceTree = "<group>"; };
		DC5EB9BA2C0525980034B757 /* NetworkDetailFeature.swift */ = {isa = PBXFileReference; fileEncoding = 4; lastKnownFileType = sourcecode.swift; path = NetworkDetailFeature.swift; sourceTree = "<group>"; };
		DC5EB9BB2C0525980034B757 /* WiFiSettingsFeature.swift */ = {isa = PBXFileReference; fileEncoding = 4; lastKnownFileType = sourcecode.swift; path = WiFiSettingsFeature.swift; sourceTree = "<group>"; };
		DC5EB9CB2C0525E80034B757 /* AssertEventually.swift */ = {isa = PBXFileReference; fileEncoding = 4; lastKnownFileType = sourcecode.swift; path = AssertEventually.swift; sourceTree = "<group>"; };
		DC5EB9CC2C0525E80034B757 /* SetUp.swift */ = {isa = PBXFileReference; fileEncoding = 4; lastKnownFileType = sourcecode.swift; path = SetUp.swift; sourceTree = "<group>"; };
		DC5EB9CD2C0525E80034B757 /* XCTTODO.swift */ = {isa = PBXFileReference; fileEncoding = 4; lastKnownFileType = sourcecode.swift; path = XCTTODO.swift; sourceTree = "<group>"; };
		DC5EB9D22C0525FA0034B757 /* PresentationTests.swift */ = {isa = PBXFileReference; fileEncoding = 4; lastKnownFileType = sourcecode.swift; path = PresentationTests.swift; sourceTree = "<group>"; };
		DC5EB9D32C0525FA0034B757 /* NavigationStackTests.swift */ = {isa = PBXFileReference; fileEncoding = 4; lastKnownFileType = sourcecode.swift; path = NavigationStackTests.swift; sourceTree = "<group>"; };
		DC6A8410291F227400B3F6C9 /* SynchronizedBindings.swift */ = {isa = PBXFileReference; lastKnownFileType = sourcecode.swift; path = SynchronizedBindings.swift; sourceTree = "<group>"; };
		DC86E8702C208D8A003C0EC9 /* Text+Template.swift */ = {isa = PBXFileReference; lastKnownFileType = sourcecode.swift; path = "Text+Template.swift"; sourceTree = "<group>"; };
/* End PBXFileReference section */

/* Begin PBXFrameworksBuildPhase section */
		CA4737C5272F095F0012CAC3 /* Frameworks */ = {
			isa = PBXFrameworksBuildPhase;
			buildActionMask = 2147483647;
			files = (
				CA4737F4272F09780012CAC3 /* SwiftUINavigation in Frameworks */,
				CA456DA82CB810BA00F04E02 /* IdentifiedCollections in Frameworks */,
			);
			runOnlyForDeploymentPostprocessing = 0;
		};
		CA473801272F0D330012CAC3 /* Frameworks */ = {
			isa = PBXFrameworksBuildPhase;
			buildActionMask = 2147483647;
			files = (
				CA48F3082C49651700BE2C3C /* ConcurrencyExtras in Frameworks */,
				CA48F3022C49650100BE2C3C /* IdentifiedCollections in Frameworks */,
				CA48F2FA2C49645100BE2C3C /* SwiftUINavigation in Frameworks */,
				CA48F3052C49650F00BE2C3C /* Tagged in Frameworks */,
				CA48F2FC2C49645100BE2C3C /* UIKitNavigation in Frameworks */,
			);
			runOnlyForDeploymentPostprocessing = 0;
		};
		CA49D9562C20EAA400E6C5BB /* Frameworks */ = {
			isa = PBXFrameworksBuildPhase;
			buildActionMask = 2147483647;
			files = (
			);
			runOnlyForDeploymentPostprocessing = 0;
		};
		CAAFA9C82C8B422100BB2BA1 /* Frameworks */ = {
			isa = PBXFrameworksBuildPhase;
			buildActionMask = 2147483647;
			files = (
				CAAFA9DB2C8B468000BB2BA1 /* SwiftUINavigation in Frameworks */,
				CAAFA9D92C8B468000BB2BA1 /* SwiftNavigation in Frameworks */,
				CAAFA9D32C8B422800BB2BA1 /* UIKitNavigation in Frameworks */,
				CAAFA9D72C8B468000BB2BA1 /* AppKitNavigation in Frameworks */,
			);
			runOnlyForDeploymentPostprocessing = 0;
		};
/* End PBXFrameworksBuildPhase section */

/* Begin PBXGroup section */
		CA47378B272F08EF0012CAC3 = {
			isa = PBXGroup;
			children = (
				CA48F2F82C49644000BE2C3C /* swiftui-navigation */,
				CA473805272F0D330012CAC3 /* CaseStudies */,
				CA49D95A2C20EAA400E6C5BB /* CaseStudiesTests */,
				CAAFA9CC2C8B422100BB2BA1 /* DynamicFramework */,
				CA4737F2272F09780012CAC3 /* Frameworks */,
				CA4737C9272F095F0012CAC3 /* Inventory */,
				CA473795272F08EF0012CAC3 /* Products */,
			);
			sourceTree = "<group>";
		};
		CA473795272F08EF0012CAC3 /* Products */ = {
			isa = PBXGroup;
			children = (
				CA4737C8272F095F0012CAC3 /* Inventory.app */,
				CA473804272F0D330012CAC3 /* CaseStudies.app */,
				CA49D9592C20EAA400E6C5BB /* CaseStudiesTests.xctest */,
				CAAFA9CB2C8B422100BB2BA1 /* DynamicFramework.framework */,
			);
			name = Products;
			sourceTree = "<group>";
		};
		CA4737C9272F095F0012CAC3 /* Inventory */ = {
			isa = PBXGroup;
			children = (
				CA4737F7272F09D00012CAC3 /* App.swift */,
				CA4737F8272F09D00012CAC3 /* Inventory.swift */,
				CA4737F6272F09D00012CAC3 /* Item.swift */,
				CA4737F5272F09D00012CAC3 /* ItemRow.swift */,
				CA4737CE272F09600012CAC3 /* Assets.xcassets */,
			);
			path = Inventory;
			sourceTree = "<group>";
		};
		CA4737F2272F09780012CAC3 /* Frameworks */ = {
			isa = PBXGroup;
			children = (
			);
			name = Frameworks;
			sourceTree = "<group>";
		};
		CA473805272F0D330012CAC3 /* CaseStudies */ = {
			isa = PBXGroup;
			children = (
				CA47383C272F0F0D0012CAC3 /* Info.plist */,
				CA473830272F0D860012CAC3 /* CaseStudiesApp.swift */,
				CA47382E272F0D860012CAC3 /* RootView.swift */,
				CA47380A272F0D340012CAC3 /* Assets.xcassets */,
				CA9D70492C1F642A003B672A /* Internal */,
				CADCA3642C1CE80B00DE645F /* SwiftUI */,
				CA9D704A2C1F6431003B672A /* UIKit */,
			);
			path = CaseStudies;
			sourceTree = "<group>";
		};
		CA49D95A2C20EAA400E6C5BB /* CaseStudiesTests */ = {
			isa = PBXGroup;
			children = (
				CA7403D82C0A595D007FADC0 /* NavigationPathTests.swift */,
				DC5EB9D32C0525FA0034B757 /* NavigationStackTests.swift */,
				DC5EB9D22C0525FA0034B757 /* PresentationTests.swift */,
				CA601BAB2C21ED95006B0C5F /* RuntimeWarningTests.swift */,
				CA49D9682C20EB7200E6C5BB /* CaseStudies.xctestplan */,
				DC5EB9CE2C0525E80034B757 /* Internal */,
			);
			path = CaseStudiesTests;
			sourceTree = "<group>";
		};
		CA9D70492C1F642A003B672A /* Internal */ = {
			isa = PBXGroup;
			children = (
				CADCA3652C1CE8BE00DE645F /* CaseStudy.swift */,
				CA473831272F0D860012CAC3 /* FactClient.swift */,
				DC86E8702C208D8A003C0EC9 /* Text+Template.swift */,
				CA26036C2C20973600822CA5 /* DetentsHelper.swift */,
			);
			path = Internal;
			sourceTree = "<group>";
		};
		CA9D704A2C1F6431003B672A /* UIKit */ = {
			isa = PBXGroup;
			children = (
				CA601BAD2C234613006B0C5F /* AnimationsViewController.swift */,
				CA9D70532C1FB4FA003B672A /* BasicsNavigationViewController.swift */,
				CA9D704D2C1FAFAD003B672A /* ConciseEnumNavigationViewController.swift */,
				CA9D705D2C2089DD003B672A /* EnumControlsViewController.swift */,
				CA49D9532C20D4DF00E6C5BB /* ErasedNavigationStackController.swift */,
				CA601BAF2C236544006B0C5F /* FocusViewController.swift */,
				CA9D70572C2088B7003B672A /* MinimalObservationViewController.swift */,
				CA9D704F2C1FB431003B672A /* StaticNavigationStackController.swift */,
				CA9D70592C208977003B672A /* UIControlBindingsViewController.swift */,
				CA9D70442C1F6001003B672A /* UIKitCaseStudies.swift */,
				DC5EB9BC2C0525980034B757 /* WiFiFeature */,
			);
			path = UIKit;
			sourceTree = "<group>";
		};
		CAAFA9CC2C8B422100BB2BA1 /* DynamicFramework */ = {
			isa = PBXGroup;
			children = (
				CAAFA9D42C8B42F900BB2BA1 /* Import.swift */,
				CAAFA9DC2C8B4CA900BB2BA1 /* DynamicFramework.h */,
			);
			path = DynamicFramework;
			sourceTree = "<group>";
		};
		CADCA3642C1CE80B00DE645F /* SwiftUI */ = {
			isa = PBXGroup;
			children = (
				CA9D70462C1F6108003B672A /* AlertDialogState.swift */,
				CA9D70552C2087DC003B672A /* EnumControls.swift */,
				CABE9FC0272F2C0000AFC150 /* EnumNavigation.swift */,
				CA473832272F0D860012CAC3 /* OptionalNavigation.swift */,
				CADCA3622C1CE75500DE645F /* SwiftUICaseStudies.swift */,
				DC6A8410291F227400B3F6C9 /* SynchronizedBindings.swift */,
			);
			path = SwiftUI;
			sourceTree = "<group>";
		};
		DC5EB9BC2C0525980034B757 /* WiFiFeature */ = {
			isa = PBXGroup;
			children = (
				DC5EB9B82C0525980034B757 /* ConnectToNetworkFeature.swift */,
				DC5EB9B92C0525980034B757 /* Network.swift */,
				DC5EB9BA2C0525980034B757 /* NetworkDetailFeature.swift */,
				DC5EB9BB2C0525980034B757 /* WiFiSettingsFeature.swift */,
			);
			path = WiFiFeature;
			sourceTree = "<group>";
		};
		DC5EB9CE2C0525E80034B757 /* Internal */ = {
			isa = PBXGroup;
			children = (
				DC5EB9CB2C0525E80034B757 /* AssertEventually.swift */,
				DC5EB9CC2C0525E80034B757 /* SetUp.swift */,
				DC5EB9CD2C0525E80034B757 /* XCTTODO.swift */,
			);
			path = Internal;
			sourceTree = "<group>";
		};
/* End PBXGroup section */

/* Begin PBXHeadersBuildPhase section */
		CAAFA9C62C8B422100BB2BA1 /* Headers */ = {
			isa = PBXHeadersBuildPhase;
			buildActionMask = 2147483647;
			files = (
			);
			runOnlyForDeploymentPostprocessing = 0;
		};
/* End PBXHeadersBuildPhase section */

/* Begin PBXNativeTarget section */
		CA4737C7272F095F0012CAC3 /* Inventory */ = {
			isa = PBXNativeTarget;
			buildConfigurationList = CA4737E9272F09610012CAC3 /* Build configuration list for PBXNativeTarget "Inventory" */;
			buildPhases = (
				CA4737C4272F095F0012CAC3 /* Sources */,
				CA4737C5272F095F0012CAC3 /* Frameworks */,
				CA4737C6272F095F0012CAC3 /* Resources */,
			);
			buildRules = (
			);
			dependencies = (
			);
			name = Inventory;
			packageProductDependencies = (
				CA4737F3272F09780012CAC3 /* SwiftUINavigation */,
				CA456DA72CB810BA00F04E02 /* IdentifiedCollections */,
			);
			productName = Inventory;
			productReference = CA4737C8272F095F0012CAC3 /* Inventory.app */;
			productType = "com.apple.product-type.application";
		};
		CA473803272F0D330012CAC3 /* CaseStudies */ = {
			isa = PBXNativeTarget;
			buildConfigurationList = CA473825272F0D350012CAC3 /* Build configuration list for PBXNativeTarget "CaseStudies" */;
			buildPhases = (
				CA473800272F0D330012CAC3 /* Sources */,
				CA473801272F0D330012CAC3 /* Frameworks */,
				CA473802272F0D330012CAC3 /* Resources */,
			);
			buildRules = (
			);
			dependencies = (
			);
			name = CaseStudies;
			packageProductDependencies = (
				CA48F2F92C49645100BE2C3C /* SwiftUINavigation */,
				CA48F2FB2C49645100BE2C3C /* UIKitNavigation */,
				CA48F3012C49650100BE2C3C /* IdentifiedCollections */,
				CA48F3042C49650F00BE2C3C /* Tagged */,
				CA48F3072C49651700BE2C3C /* ConcurrencyExtras */,
			);
			productName = CaseStudies;
			productReference = CA473804272F0D330012CAC3 /* CaseStudies.app */;
			productType = "com.apple.product-type.application";
		};
		CA49D9582C20EAA400E6C5BB /* CaseStudiesTests */ = {
			isa = PBXNativeTarget;
			buildConfigurationList = CA49D95F2C20EAA400E6C5BB /* Build configuration list for PBXNativeTarget "CaseStudiesTests" */;
			buildPhases = (
				CA49D9552C20EAA400E6C5BB /* Sources */,
				CA49D9562C20EAA400E6C5BB /* Frameworks */,
				CA49D9572C20EAA400E6C5BB /* Resources */,
			);
			buildRules = (
			);
			dependencies = (
				CA49D95E2C20EAA400E6C5BB /* PBXTargetDependency */,
			);
			name = CaseStudiesTests;
			productName = CaseStudiesTests;
			productReference = CA49D9592C20EAA400E6C5BB /* CaseStudiesTests.xctest */;
			productType = "com.apple.product-type.bundle.unit-test";
		};
		CAAFA9CA2C8B422100BB2BA1 /* DynamicFramework */ = {
			isa = PBXNativeTarget;
			buildConfigurationList = CAAFA9D12C8B422100BB2BA1 /* Build configuration list for PBXNativeTarget "DynamicFramework" */;
			buildPhases = (
				CAAFA9C62C8B422100BB2BA1 /* Headers */,
				CAAFA9C72C8B422100BB2BA1 /* Sources */,
				CAAFA9C82C8B422100BB2BA1 /* Frameworks */,
				CAAFA9C92C8B422100BB2BA1 /* Resources */,
			);
			buildRules = (
			);
			dependencies = (
			);
			name = DynamicFramework;
			packageProductDependencies = (
				CAAFA9D22C8B422800BB2BA1 /* UIKitNavigation */,
				CAAFA9D62C8B468000BB2BA1 /* AppKitNavigation */,
				CAAFA9D82C8B468000BB2BA1 /* SwiftNavigation */,
				CAAFA9DA2C8B468000BB2BA1 /* SwiftUINavigation */,
			);
			productName = DynamicFramework;
			productReference = CAAFA9CB2C8B422100BB2BA1 /* DynamicFramework.framework */;
			productType = "com.apple.product-type.framework";
		};
/* End PBXNativeTarget section */

/* Begin PBXProject section */
		CA47378C272F08EF0012CAC3 /* Project object */ = {
			isa = PBXProject;
			attributes = {
				BuildIndependentTargetsInParallel = 1;
				LastSwiftUpdateCheck = 1540;
				LastUpgradeCheck = 1610;
				TargetAttributes = {
					CA4737C7272F095F0012CAC3 = {
						CreatedOnToolsVersion = 13.1;
						LastSwiftMigration = 1310;
					};
					CA473803272F0D330012CAC3 = {
						CreatedOnToolsVersion = 13.1;
						LastSwiftMigration = 1310;
					};
					CA49D9582C20EAA400E6C5BB = {
						CreatedOnToolsVersion = 15.4;
						TestTargetID = CA473803272F0D330012CAC3;
					};
					CAAFA9CA2C8B422100BB2BA1 = {
						CreatedOnToolsVersion = 15.4;
						LastSwiftMigration = 1540;
					};
				};
			};
			buildConfigurationList = CA47378F272F08EF0012CAC3 /* Build configuration list for PBXProject "Examples" */;
			compatibilityVersion = "Xcode 13.0";
			developmentRegion = en;
			hasScannedForEncodings = 0;
			knownRegions = (
				en,
				Base,
			);
			mainGroup = CA47378B272F08EF0012CAC3;
			packageReferences = (
				CA6453982968A06E00802931 /* XCRemoteSwiftPackageReference "swift-dependencies" */,
				CA48F3002C49650100BE2C3C /* XCRemoteSwiftPackageReference "swift-identified-collections" */,
				CA48F3032C49650F00BE2C3C /* XCRemoteSwiftPackageReference "swift-tagged" */,
				CA48F3062C49651700BE2C3C /* XCRemoteSwiftPackageReference "swift-concurrency-extras" */,
			);
			productRefGroup = CA473795272F08EF0012CAC3 /* Products */;
			projectDirPath = "";
			projectRoot = "";
			targets = (
				CA473803272F0D330012CAC3 /* CaseStudies */,
				CA49D9582C20EAA400E6C5BB /* CaseStudiesTests */,
				CA4737C7272F095F0012CAC3 /* Inventory */,
				CAAFA9CA2C8B422100BB2BA1 /* DynamicFramework */,
			);
		};
/* End PBXProject section */

/* Begin PBXResourcesBuildPhase section */
		CA4737C6272F095F0012CAC3 /* Resources */ = {
			isa = PBXResourcesBuildPhase;
			buildActionMask = 2147483647;
			files = (
				CA4737CF272F09600012CAC3 /* Assets.xcassets in Resources */,
			);
			runOnlyForDeploymentPostprocessing = 0;
		};
		CA473802272F0D330012CAC3 /* Resources */ = {
			isa = PBXResourcesBuildPhase;
			buildActionMask = 2147483647;
			files = (
				CA47380B272F0D340012CAC3 /* Assets.xcassets in Resources */,
			);
			runOnlyForDeploymentPostprocessing = 0;
		};
		CA49D9572C20EAA400E6C5BB /* Resources */ = {
			isa = PBXResourcesBuildPhase;
			buildActionMask = 2147483647;
			files = (
			);
			runOnlyForDeploymentPostprocessing = 0;
		};
		CAAFA9C92C8B422100BB2BA1 /* Resources */ = {
			isa = PBXResourcesBuildPhase;
			buildActionMask = 2147483647;
			files = (
			);
			runOnlyForDeploymentPostprocessing = 0;
		};
/* End PBXResourcesBuildPhase section */

/* Begin PBXSourcesBuildPhase section */
		CA4737C4272F095F0012CAC3 /* Sources */ = {
			isa = PBXSourcesBuildPhase;
			buildActionMask = 2147483647;
			files = (
				CA4737FC272F09D00012CAC3 /* Inventory.swift in Sources */,
				CA4737FB272F09D00012CAC3 /* App.swift in Sources */,
				CA4737FA272F09D00012CAC3 /* Item.swift in Sources */,
				CA4737F9272F09D00012CAC3 /* ItemRow.swift in Sources */,
			);
			runOnlyForDeploymentPostprocessing = 0;
		};
		CA473800272F0D330012CAC3 /* Sources */ = {
			isa = PBXSourcesBuildPhase;
			buildActionMask = 2147483647;
			files = (
				CABE9FC1272F2C0000AFC150 /* EnumNavigation.swift in Sources */,
				DC6A8411291F227400B3F6C9 /* SynchronizedBindings.swift in Sources */,
				CA9D70502C1FB431003B672A /* StaticNavigationStackController.swift in Sources */,
				CA473837272F0D860012CAC3 /* FactClient.swift in Sources */,
				CA9D704E2C1FAFAD003B672A /* ConciseEnumNavigationViewController.swift in Sources */,
				CA9D70582C2088B7003B672A /* MinimalObservationViewController.swift in Sources */,
				CA9D70562C2087DC003B672A /* EnumControls.swift in Sources */,
				CA473836272F0D860012CAC3 /* CaseStudiesApp.swift in Sources */,
				CA473834272F0D860012CAC3 /* RootView.swift in Sources */,
				CA3D0E322C20B27B00CCF7CD /* ConnectToNetworkFeature.swift in Sources */,
				CA3D0E332C20B27B00CCF7CD /* NetworkDetailFeature.swift in Sources */,
				CA3D0E342C20B27B00CCF7CD /* Network.swift in Sources */,
				CA3D0E352C20B27B00CCF7CD /* WiFiSettingsFeature.swift in Sources */,
				CA26036D2C20973600822CA5 /* DetentsHelper.swift in Sources */,
				CA9D705A2C208977003B672A /* UIControlBindingsViewController.swift in Sources */,
				CA601BB02C236544006B0C5F /* FocusViewController.swift in Sources */,
				CA9D70472C1F6108003B672A /* AlertDialogState.swift in Sources */,
				CA9D70452C1F6001003B672A /* UIKitCaseStudies.swift in Sources */,
				CADCA3632C1CE75500DE645F /* SwiftUICaseStudies.swift in Sources */,
				CA9D705E2C2089DD003B672A /* EnumControlsViewController.swift in Sources */,
				CA601BAE2C234613006B0C5F /* AnimationsViewController.swift in Sources */,
				CADCA3662C1CE8BE00DE645F /* CaseStudy.swift in Sources */,
				CA49D9542C20D4DF00E6C5BB /* ErasedNavigationStackController.swift in Sources */,
				CA9D70542C1FB4FA003B672A /* BasicsNavigationViewController.swift in Sources */,
				DC86E8712C208D8D003C0EC9 /* Text+Template.swift in Sources */,
				CA473838272F0D860012CAC3 /* OptionalNavigation.swift in Sources */,
			);
			runOnlyForDeploymentPostprocessing = 0;
		};
		CA49D9552C20EAA400E6C5BB /* Sources */ = {
			isa = PBXSourcesBuildPhase;
			buildActionMask = 2147483647;
			files = (
				CA49D9652C20EB0C00E6C5BB /* AssertEventually.swift in Sources */,
				CA49D9662C20EB0C00E6C5BB /* SetUp.swift in Sources */,
				CA49D9672C20EB0C00E6C5BB /* XCTTODO.swift in Sources */,
				CA49D9642C20EAB000E6C5BB /* NavigationPathTests.swift in Sources */,
				CA49D9632C20EAB000E6C5BB /* NavigationStackTests.swift in Sources */,
				CA49D9622C20EAB000E6C5BB /* PresentationTests.swift in Sources */,
				CA601BAC2C21ED95006B0C5F /* RuntimeWarningTests.swift in Sources */,
			);
			runOnlyForDeploymentPostprocessing = 0;
		};
		CAAFA9C72C8B422100BB2BA1 /* Sources */ = {
			isa = PBXSourcesBuildPhase;
			buildActionMask = 2147483647;
			files = (
				CAAFA9D52C8B42F900BB2BA1 /* Import.swift in Sources */,
			);
			runOnlyForDeploymentPostprocessing = 0;
		};
/* End PBXSourcesBuildPhase section */

/* Begin PBXTargetDependency section */
		CA49D95E2C20EAA400E6C5BB /* PBXTargetDependency */ = {
			isa = PBXTargetDependency;
			target = CA473803272F0D330012CAC3 /* CaseStudies */;
			targetProxy = CA49D95D2C20EAA400E6C5BB /* PBXContainerItemProxy */;
		};
/* End PBXTargetDependency section */

/* Begin XCBuildConfiguration section */
		CA4737B6272F08F10012CAC3 /* Debug */ = {
			isa = XCBuildConfiguration;
			buildSettings = {
				ALWAYS_SEARCH_USER_PATHS = NO;
				CLANG_ANALYZER_NONNULL = YES;
				CLANG_ANALYZER_NUMBER_OBJECT_CONVERSION = YES_AGGRESSIVE;
				CLANG_CXX_LANGUAGE_STANDARD = "gnu++17";
				CLANG_CXX_LIBRARY = "libc++";
				CLANG_ENABLE_MODULES = YES;
				CLANG_ENABLE_OBJC_ARC = YES;
				CLANG_ENABLE_OBJC_WEAK = YES;
				CLANG_WARN_BLOCK_CAPTURE_AUTORELEASING = YES;
				CLANG_WARN_BOOL_CONVERSION = YES;
				CLANG_WARN_COMMA = YES;
				CLANG_WARN_CONSTANT_CONVERSION = YES;
				CLANG_WARN_DEPRECATED_OBJC_IMPLEMENTATIONS = YES;
				CLANG_WARN_DIRECT_OBJC_ISA_USAGE = YES_ERROR;
				CLANG_WARN_DOCUMENTATION_COMMENTS = YES;
				CLANG_WARN_EMPTY_BODY = YES;
				CLANG_WARN_ENUM_CONVERSION = YES;
				CLANG_WARN_INFINITE_RECURSION = YES;
				CLANG_WARN_INT_CONVERSION = YES;
				CLANG_WARN_NON_LITERAL_NULL_CONVERSION = YES;
				CLANG_WARN_OBJC_IMPLICIT_RETAIN_SELF = YES;
				CLANG_WARN_OBJC_LITERAL_CONVERSION = YES;
				CLANG_WARN_OBJC_ROOT_CLASS = YES_ERROR;
				CLANG_WARN_QUOTED_INCLUDE_IN_FRAMEWORK_HEADER = YES;
				CLANG_WARN_RANGE_LOOP_ANALYSIS = YES;
				CLANG_WARN_STRICT_PROTOTYPES = YES;
				CLANG_WARN_SUSPICIOUS_MOVE = YES;
				CLANG_WARN_UNGUARDED_AVAILABILITY = YES_AGGRESSIVE;
				CLANG_WARN_UNREACHABLE_CODE = YES;
				CLANG_WARN__DUPLICATE_METHOD_MATCH = YES;
				COPY_PHASE_STRIP = NO;
				DEBUG_INFORMATION_FORMAT = dwarf;
				ENABLE_STRICT_OBJC_MSGSEND = YES;
				ENABLE_TESTABILITY = YES;
				ENABLE_USER_SCRIPT_SANDBOXING = YES;
				GCC_C_LANGUAGE_STANDARD = gnu11;
				GCC_DYNAMIC_NO_PIC = NO;
				GCC_NO_COMMON_BLOCKS = YES;
				GCC_OPTIMIZATION_LEVEL = 0;
				GCC_PREPROCESSOR_DEFINITIONS = (
					"DEBUG=1",
					"$(inherited)",
				);
				GCC_WARN_64_TO_32_BIT_CONVERSION = YES;
				GCC_WARN_ABOUT_RETURN_TYPE = YES_ERROR;
				GCC_WARN_UNDECLARED_SELECTOR = YES;
				GCC_WARN_UNINITIALIZED_AUTOS = YES_AGGRESSIVE;
				GCC_WARN_UNUSED_FUNCTION = YES;
				GCC_WARN_UNUSED_VARIABLE = YES;
				MTL_ENABLE_DEBUG_INFO = INCLUDE_SOURCE;
				MTL_FAST_MATH = YES;
				ONLY_ACTIVE_ARCH = YES;
				SDKROOT = iphoneos;
				SWIFT_ACTIVE_COMPILATION_CONDITIONS = DEBUG;
				SWIFT_OPTIMIZATION_LEVEL = "-Onone";
				SWIFT_STRICT_CONCURRENCY = complete;
				SWIFT_VERSION = 6.0;
			};
			name = Debug;
		};
		CA4737B7272F08F10012CAC3 /* Release */ = {
			isa = XCBuildConfiguration;
			buildSettings = {
				ALWAYS_SEARCH_USER_PATHS = NO;
				CLANG_ANALYZER_NONNULL = YES;
				CLANG_ANALYZER_NUMBER_OBJECT_CONVERSION = YES_AGGRESSIVE;
				CLANG_CXX_LANGUAGE_STANDARD = "gnu++17";
				CLANG_CXX_LIBRARY = "libc++";
				CLANG_ENABLE_MODULES = YES;
				CLANG_ENABLE_OBJC_ARC = YES;
				CLANG_ENABLE_OBJC_WEAK = YES;
				CLANG_WARN_BLOCK_CAPTURE_AUTORELEASING = YES;
				CLANG_WARN_BOOL_CONVERSION = YES;
				CLANG_WARN_COMMA = YES;
				CLANG_WARN_CONSTANT_CONVERSION = YES;
				CLANG_WARN_DEPRECATED_OBJC_IMPLEMENTATIONS = YES;
				CLANG_WARN_DIRECT_OBJC_ISA_USAGE = YES_ERROR;
				CLANG_WARN_DOCUMENTATION_COMMENTS = YES;
				CLANG_WARN_EMPTY_BODY = YES;
				CLANG_WARN_ENUM_CONVERSION = YES;
				CLANG_WARN_INFINITE_RECURSION = YES;
				CLANG_WARN_INT_CONVERSION = YES;
				CLANG_WARN_NON_LITERAL_NULL_CONVERSION = YES;
				CLANG_WARN_OBJC_IMPLICIT_RETAIN_SELF = YES;
				CLANG_WARN_OBJC_LITERAL_CONVERSION = YES;
				CLANG_WARN_OBJC_ROOT_CLASS = YES_ERROR;
				CLANG_WARN_QUOTED_INCLUDE_IN_FRAMEWORK_HEADER = YES;
				CLANG_WARN_RANGE_LOOP_ANALYSIS = YES;
				CLANG_WARN_STRICT_PROTOTYPES = YES;
				CLANG_WARN_SUSPICIOUS_MOVE = YES;
				CLANG_WARN_UNGUARDED_AVAILABILITY = YES_AGGRESSIVE;
				CLANG_WARN_UNREACHABLE_CODE = YES;
				CLANG_WARN__DUPLICATE_METHOD_MATCH = YES;
				COPY_PHASE_STRIP = NO;
				DEBUG_INFORMATION_FORMAT = "dwarf-with-dsym";
				ENABLE_NS_ASSERTIONS = NO;
				ENABLE_STRICT_OBJC_MSGSEND = YES;
				ENABLE_USER_SCRIPT_SANDBOXING = YES;
				GCC_C_LANGUAGE_STANDARD = gnu11;
				GCC_NO_COMMON_BLOCKS = YES;
				GCC_WARN_64_TO_32_BIT_CONVERSION = YES;
				GCC_WARN_ABOUT_RETURN_TYPE = YES_ERROR;
				GCC_WARN_UNDECLARED_SELECTOR = YES;
				GCC_WARN_UNINITIALIZED_AUTOS = YES_AGGRESSIVE;
				GCC_WARN_UNUSED_FUNCTION = YES;
				GCC_WARN_UNUSED_VARIABLE = YES;
				MTL_ENABLE_DEBUG_INFO = NO;
				MTL_FAST_MATH = YES;
				SDKROOT = iphoneos;
				SWIFT_COMPILATION_MODE = wholemodule;
				SWIFT_OPTIMIZATION_LEVEL = "-O";
				SWIFT_STRICT_CONCURRENCY = complete;
				SWIFT_VERSION = 6.0;
				VALIDATE_PRODUCT = YES;
			};
			name = Release;
		};
		CA4737EA272F09610012CAC3 /* Debug */ = {
			isa = XCBuildConfiguration;
			buildSettings = {
				ASSETCATALOG_COMPILER_APPICON_NAME = AppIcon;
				ASSETCATALOG_COMPILER_GLOBAL_ACCENT_COLOR_NAME = AccentColor;
				CLANG_ENABLE_MODULES = YES;
				CODE_SIGN_STYLE = Automatic;
				CURRENT_PROJECT_VERSION = 1;
				ENABLE_PREVIEWS = YES;
				GENERATE_INFOPLIST_FILE = YES;
				INFOPLIST_KEY_UIApplicationSceneManifest_Generation = YES;
				INFOPLIST_KEY_UIApplicationSupportsIndirectInputEvents = YES;
				INFOPLIST_KEY_UILaunchScreen_Generation = YES;
				INFOPLIST_KEY_UISupportedInterfaceOrientations_iPad = "UIInterfaceOrientationPortrait UIInterfaceOrientationPortraitUpsideDown UIInterfaceOrientationLandscapeLeft UIInterfaceOrientationLandscapeRight";
				INFOPLIST_KEY_UISupportedInterfaceOrientations_iPhone = "UIInterfaceOrientationPortrait UIInterfaceOrientationLandscapeLeft UIInterfaceOrientationLandscapeRight";
				LD_RUNPATH_SEARCH_PATHS = (
					"$(inherited)",
					"@executable_path/Frameworks",
				);
				MARKETING_VERSION = 1.0;
				PRODUCT_BUNDLE_IDENTIFIER = co.pointfree.Inventory;
				PRODUCT_NAME = "$(TARGET_NAME)";
				SWIFT_EMIT_LOC_STRINGS = YES;
				SWIFT_OPTIMIZATION_LEVEL = "-Onone";
				TARGETED_DEVICE_FAMILY = "1,2";
			};
			name = Debug;
		};
		CA4737EB272F09610012CAC3 /* Release */ = {
			isa = XCBuildConfiguration;
			buildSettings = {
				ASSETCATALOG_COMPILER_APPICON_NAME = AppIcon;
				ASSETCATALOG_COMPILER_GLOBAL_ACCENT_COLOR_NAME = AccentColor;
				CLANG_ENABLE_MODULES = YES;
				CODE_SIGN_STYLE = Automatic;
				CURRENT_PROJECT_VERSION = 1;
				ENABLE_PREVIEWS = YES;
				GENERATE_INFOPLIST_FILE = YES;
				INFOPLIST_KEY_UIApplicationSceneManifest_Generation = YES;
				INFOPLIST_KEY_UIApplicationSupportsIndirectInputEvents = YES;
				INFOPLIST_KEY_UILaunchScreen_Generation = YES;
				INFOPLIST_KEY_UISupportedInterfaceOrientations_iPad = "UIInterfaceOrientationPortrait UIInterfaceOrientationPortraitUpsideDown UIInterfaceOrientationLandscapeLeft UIInterfaceOrientationLandscapeRight";
				INFOPLIST_KEY_UISupportedInterfaceOrientations_iPhone = "UIInterfaceOrientationPortrait UIInterfaceOrientationLandscapeLeft UIInterfaceOrientationLandscapeRight";
				LD_RUNPATH_SEARCH_PATHS = (
					"$(inherited)",
					"@executable_path/Frameworks",
				);
				MARKETING_VERSION = 1.0;
				PRODUCT_BUNDLE_IDENTIFIER = co.pointfree.Inventory;
				PRODUCT_NAME = "$(TARGET_NAME)";
				SWIFT_EMIT_LOC_STRINGS = YES;
				TARGETED_DEVICE_FAMILY = "1,2";
			};
			name = Release;
		};
		CA473826272F0D350012CAC3 /* Debug */ = {
			isa = XCBuildConfiguration;
			buildSettings = {
				ASSETCATALOG_COMPILER_APPICON_NAME = AppIcon;
				ASSETCATALOG_COMPILER_GLOBAL_ACCENT_COLOR_NAME = AccentColor;
				CLANG_ENABLE_MODULES = YES;
				CODE_SIGN_STYLE = Automatic;
				CURRENT_PROJECT_VERSION = 1;
				ENABLE_PREVIEWS = YES;
				GENERATE_INFOPLIST_FILE = YES;
				INFOPLIST_FILE = CaseStudies/Info.plist;
				INFOPLIST_KEY_UIApplicationSceneManifest_Generation = YES;
				INFOPLIST_KEY_UIApplicationSupportsIndirectInputEvents = YES;
				INFOPLIST_KEY_UILaunchScreen_Generation = YES;
				INFOPLIST_KEY_UISupportedInterfaceOrientations_iPad = "UIInterfaceOrientationPortrait UIInterfaceOrientationPortraitUpsideDown UIInterfaceOrientationLandscapeLeft UIInterfaceOrientationLandscapeRight";
				INFOPLIST_KEY_UISupportedInterfaceOrientations_iPhone = "UIInterfaceOrientationPortrait UIInterfaceOrientationLandscapeLeft UIInterfaceOrientationLandscapeRight";
				LD_RUNPATH_SEARCH_PATHS = (
					"$(inherited)",
					"@executable_path/Frameworks",
				);
				MARKETING_VERSION = 1.0;
				PRODUCT_BUNDLE_IDENTIFIER = co.pointfree.CaseStudies;
				PRODUCT_NAME = "$(TARGET_NAME)";
				SWIFT_EMIT_LOC_STRINGS = YES;
				SWIFT_OPTIMIZATION_LEVEL = "-Onone";
				TARGETED_DEVICE_FAMILY = "1,2";
			};
			name = Debug;
		};
		CA473827272F0D350012CAC3 /* Release */ = {
			isa = XCBuildConfiguration;
			buildSettings = {
				ASSETCATALOG_COMPILER_APPICON_NAME = AppIcon;
				ASSETCATALOG_COMPILER_GLOBAL_ACCENT_COLOR_NAME = AccentColor;
				CLANG_ENABLE_MODULES = YES;
				CODE_SIGN_STYLE = Automatic;
				CURRENT_PROJECT_VERSION = 1;
				ENABLE_PREVIEWS = YES;
				GENERATE_INFOPLIST_FILE = YES;
				INFOPLIST_FILE = CaseStudies/Info.plist;
				INFOPLIST_KEY_UIApplicationSceneManifest_Generation = YES;
				INFOPLIST_KEY_UIApplicationSupportsIndirectInputEvents = YES;
				INFOPLIST_KEY_UILaunchScreen_Generation = YES;
				INFOPLIST_KEY_UISupportedInterfaceOrientations_iPad = "UIInterfaceOrientationPortrait UIInterfaceOrientationPortraitUpsideDown UIInterfaceOrientationLandscapeLeft UIInterfaceOrientationLandscapeRight";
				INFOPLIST_KEY_UISupportedInterfaceOrientations_iPhone = "UIInterfaceOrientationPortrait UIInterfaceOrientationLandscapeLeft UIInterfaceOrientationLandscapeRight";
				LD_RUNPATH_SEARCH_PATHS = (
					"$(inherited)",
					"@executable_path/Frameworks",
				);
				MARKETING_VERSION = 1.0;
				PRODUCT_BUNDLE_IDENTIFIER = co.pointfree.CaseStudies;
				PRODUCT_NAME = "$(TARGET_NAME)";
				SWIFT_EMIT_LOC_STRINGS = YES;
				TARGETED_DEVICE_FAMILY = "1,2";
			};
			name = Release;
		};
		CA49D9602C20EAA400E6C5BB /* Debug */ = {
			isa = XCBuildConfiguration;
			buildSettings = {
				ASSETCATALOG_COMPILER_GENERATE_SWIFT_ASSET_SYMBOL_EXTENSIONS = YES;
				BUNDLE_LOADER = "$(TEST_HOST)";
				CLANG_CXX_LANGUAGE_STANDARD = "gnu++20";
				CODE_SIGN_STYLE = Automatic;
				CURRENT_PROJECT_VERSION = 1;
				GCC_C_LANGUAGE_STANDARD = gnu17;
				GENERATE_INFOPLIST_FILE = YES;
				IPHONEOS_DEPLOYMENT_TARGET = 17.5;
				LOCALIZATION_PREFERS_STRING_CATALOGS = YES;
				MARKETING_VERSION = 1.0;
				PRODUCT_BUNDLE_IDENTIFIER = co.pointfree.CaseStudiesTests;
				PRODUCT_NAME = "$(TARGET_NAME)";
				SWIFT_ACTIVE_COMPILATION_CONDITIONS = "DEBUG $(inherited)";
				SWIFT_EMIT_LOC_STRINGS = NO;
				TARGETED_DEVICE_FAMILY = "1,2";
				TEST_HOST = "$(BUILT_PRODUCTS_DIR)/CaseStudies.app/$(BUNDLE_EXECUTABLE_FOLDER_PATH)/CaseStudies";
			};
			name = Debug;
		};
		CA49D9612C20EAA400E6C5BB /* Release */ = {
			isa = XCBuildConfiguration;
			buildSettings = {
				ASSETCATALOG_COMPILER_GENERATE_SWIFT_ASSET_SYMBOL_EXTENSIONS = YES;
				BUNDLE_LOADER = "$(TEST_HOST)";
				CLANG_CXX_LANGUAGE_STANDARD = "gnu++20";
				CODE_SIGN_STYLE = Automatic;
				CURRENT_PROJECT_VERSION = 1;
				GCC_C_LANGUAGE_STANDARD = gnu17;
				GENERATE_INFOPLIST_FILE = YES;
				IPHONEOS_DEPLOYMENT_TARGET = 17.5;
				LOCALIZATION_PREFERS_STRING_CATALOGS = YES;
				MARKETING_VERSION = 1.0;
				PRODUCT_BUNDLE_IDENTIFIER = co.pointfree.CaseStudiesTests;
				PRODUCT_NAME = "$(TARGET_NAME)";
				SWIFT_EMIT_LOC_STRINGS = NO;
				TARGETED_DEVICE_FAMILY = "1,2";
				TEST_HOST = "$(BUILT_PRODUCTS_DIR)/CaseStudies.app/$(BUNDLE_EXECUTABLE_FOLDER_PATH)/CaseStudies";
			};
			name = Release;
		};
		CAAFA9CF2C8B422100BB2BA1 /* Debug */ = {
			isa = XCBuildConfiguration;
			buildSettings = {
				ASSETCATALOG_COMPILER_GENERATE_SWIFT_ASSET_SYMBOL_EXTENSIONS = YES;
				BUILD_LIBRARY_FOR_DISTRIBUTION = YES;
				CLANG_CXX_LANGUAGE_STANDARD = "gnu++20";
				CLANG_ENABLE_MODULES = YES;
				CODE_SIGN_IDENTITY = "";
				CODE_SIGN_STYLE = Manual;
				CURRENT_PROJECT_VERSION = 1;
				DEFINES_MODULE = YES;
				DEVELOPMENT_TEAM = "";
				DYLIB_COMPATIBILITY_VERSION = 1;
				DYLIB_CURRENT_VERSION = 1;
				DYLIB_INSTALL_NAME_BASE = "@rpath";
				ENABLE_MODULE_VERIFIER = YES;
				GCC_C_LANGUAGE_STANDARD = gnu17;
				GENERATE_INFOPLIST_FILE = YES;
				INFOPLIST_KEY_NSHumanReadableCopyright = "";
				INSTALL_PATH = "$(LOCAL_LIBRARY_DIR)/Frameworks";
				IPHONEOS_DEPLOYMENT_TARGET = 17.5;
				LD_RUNPATH_SEARCH_PATHS = (
					"$(inherited)",
					"@executable_path/Frameworks",
					"@loader_path/Frameworks",
				);
				LOCALIZATION_PREFERS_STRING_CATALOGS = YES;
				MARKETING_VERSION = 1.0;
				MODULE_VERIFIER_SUPPORTED_LANGUAGES = "objective-c objective-c++";
				MODULE_VERIFIER_SUPPORTED_LANGUAGE_STANDARDS = "gnu17 gnu++20";
				PRODUCT_BUNDLE_IDENTIFIER = co.pointfree.DynamicFramework;
				PRODUCT_NAME = "$(TARGET_NAME:c99extidentifier)";
				PROVISIONING_PROFILE_SPECIFIER = "";
				SKIP_INSTALL = YES;
				SUPPORTED_PLATFORMS = "appletvos appletvsimulator iphoneos iphonesimulator macosx watchos watchsimulator";
				SUPPORTS_MACCATALYST = YES;
				SWIFT_ACTIVE_COMPILATION_CONDITIONS = "DEBUG $(inherited)";
				SWIFT_EMIT_LOC_STRINGS = YES;
				SWIFT_INSTALL_OBJC_HEADER = NO;
				SWIFT_OPTIMIZATION_LEVEL = "-Onone";
				SWIFT_VERSION = 5.0;
				TARGETED_DEVICE_FAMILY = "1,2,3,4";
				VERSIONING_SYSTEM = "apple-generic";
				VERSION_INFO_PREFIX = "";
			};
			name = Debug;
		};
		CAAFA9D02C8B422100BB2BA1 /* Release */ = {
			isa = XCBuildConfiguration;
			buildSettings = {
				ASSETCATALOG_COMPILER_GENERATE_SWIFT_ASSET_SYMBOL_EXTENSIONS = YES;
				BUILD_LIBRARY_FOR_DISTRIBUTION = YES;
				CLANG_CXX_LANGUAGE_STANDARD = "gnu++20";
				CLANG_ENABLE_MODULES = YES;
				CODE_SIGN_IDENTITY = "";
				CODE_SIGN_STYLE = Manual;
				CURRENT_PROJECT_VERSION = 1;
				DEFINES_MODULE = YES;
				DEVELOPMENT_TEAM = "";
				DYLIB_COMPATIBILITY_VERSION = 1;
				DYLIB_CURRENT_VERSION = 1;
				DYLIB_INSTALL_NAME_BASE = "@rpath";
				ENABLE_MODULE_VERIFIER = YES;
				GCC_C_LANGUAGE_STANDARD = gnu17;
				GENERATE_INFOPLIST_FILE = YES;
				INFOPLIST_KEY_NSHumanReadableCopyright = "";
				INSTALL_PATH = "$(LOCAL_LIBRARY_DIR)/Frameworks";
				IPHONEOS_DEPLOYMENT_TARGET = 17.5;
				LD_RUNPATH_SEARCH_PATHS = (
					"$(inherited)",
					"@executable_path/Frameworks",
					"@loader_path/Frameworks",
				);
				LOCALIZATION_PREFERS_STRING_CATALOGS = YES;
				MARKETING_VERSION = 1.0;
				MODULE_VERIFIER_SUPPORTED_LANGUAGES = "objective-c objective-c++";
				MODULE_VERIFIER_SUPPORTED_LANGUAGE_STANDARDS = "gnu17 gnu++20";
				PRODUCT_BUNDLE_IDENTIFIER = co.pointfree.DynamicFramework;
				PRODUCT_NAME = "$(TARGET_NAME:c99extidentifier)";
				PROVISIONING_PROFILE_SPECIFIER = "";
				SKIP_INSTALL = YES;
				SUPPORTED_PLATFORMS = "appletvos appletvsimulator iphoneos iphonesimulator macosx watchos watchsimulator";
				SUPPORTS_MACCATALYST = YES;
				SWIFT_EMIT_LOC_STRINGS = YES;
				SWIFT_INSTALL_OBJC_HEADER = NO;
				SWIFT_VERSION = 5.0;
				TARGETED_DEVICE_FAMILY = "1,2,3,4";
				VERSIONING_SYSTEM = "apple-generic";
				VERSION_INFO_PREFIX = "";
			};
			name = Release;
		};
/* End XCBuildConfiguration section */

/* Begin XCConfigurationList section */
		CA47378F272F08EF0012CAC3 /* Build configuration list for PBXProject "Examples" */ = {
			isa = XCConfigurationList;
			buildConfigurations = (
				CA4737B6272F08F10012CAC3 /* Debug */,
				CA4737B7272F08F10012CAC3 /* Release */,
			);
			defaultConfigurationIsVisible = 0;
			defaultConfigurationName = Release;
		};
		CA4737E9272F09610012CAC3 /* Build configuration list for PBXNativeTarget "Inventory" */ = {
			isa = XCConfigurationList;
			buildConfigurations = (
				CA4737EA272F09610012CAC3 /* Debug */,
				CA4737EB272F09610012CAC3 /* Release */,
			);
			defaultConfigurationIsVisible = 0;
			defaultConfigurationName = Release;
		};
		CA473825272F0D350012CAC3 /* Build configuration list for PBXNativeTarget "CaseStudies" */ = {
			isa = XCConfigurationList;
			buildConfigurations = (
				CA473826272F0D350012CAC3 /* Debug */,
				CA473827272F0D350012CAC3 /* Release */,
			);
			defaultConfigurationIsVisible = 0;
			defaultConfigurationName = Release;
		};
		CA49D95F2C20EAA400E6C5BB /* Build configuration list for PBXNativeTarget "CaseStudiesTests" */ = {
			isa = XCConfigurationList;
			buildConfigurations = (
				CA49D9602C20EAA400E6C5BB /* Debug */,
				CA49D9612C20EAA400E6C5BB /* Release */,
			);
			defaultConfigurationIsVisible = 0;
			defaultConfigurationName = Release;
		};
		CAAFA9D12C8B422100BB2BA1 /* Build configuration list for PBXNativeTarget "DynamicFramework" */ = {
			isa = XCConfigurationList;
			buildConfigurations = (
				CAAFA9CF2C8B422100BB2BA1 /* Debug */,
				CAAFA9D02C8B422100BB2BA1 /* Release */,
			);
			defaultConfigurationIsVisible = 0;
			defaultConfigurationName = Release;
		};
/* End XCConfigurationList section */

/* Begin XCRemoteSwiftPackageReference section */
		CA48F3002C49650100BE2C3C /* XCRemoteSwiftPackageReference "swift-identified-collections" */ = {
			isa = XCRemoteSwiftPackageReference;
			repositoryURL = "https://github.com/pointfreeco/swift-identified-collections.git";
			requirement = {
				kind = upToNextMajorVersion;
				minimumVersion = 1.1.0;
			};
		};
		CA48F3032C49650F00BE2C3C /* XCRemoteSwiftPackageReference "swift-tagged" */ = {
			isa = XCRemoteSwiftPackageReference;
			repositoryURL = "https://github.com/pointfreeco/swift-tagged.git";
			requirement = {
				kind = upToNextMajorVersion;
				minimumVersion = 0.10.0;
			};
		};
		CA48F3062C49651700BE2C3C /* XCRemoteSwiftPackageReference "swift-concurrency-extras" */ = {
			isa = XCRemoteSwiftPackageReference;
			repositoryURL = "https://github.com/pointfreeco/swift-concurrency-extras.git";
			requirement = {
				kind = upToNextMajorVersion;
				minimumVersion = 1.1.0;
			};
		};
		CA6453982968A06E00802931 /* XCRemoteSwiftPackageReference "swift-dependencies" */ = {
			isa = XCRemoteSwiftPackageReference;
			repositoryURL = "http://github.com/pointfreeco/swift-dependencies";
			requirement = {
				kind = upToNextMajorVersion;
				minimumVersion = 1.3.5;
			};
		};
/* End XCRemoteSwiftPackageReference section */

/* Begin XCSwiftPackageProductDependency section */
		CA456DA72CB810BA00F04E02 /* IdentifiedCollections */ = {
			isa = XCSwiftPackageProductDependency;
			package = CA48F3002C49650100BE2C3C /* XCRemoteSwiftPackageReference "swift-identified-collections" */;
			productName = IdentifiedCollections;
		};
		CA4737F3272F09780012CAC3 /* SwiftUINavigation */ = {
			isa = XCSwiftPackageProductDependency;
			productName = SwiftUINavigation;
		};
		CA48F2F92C49645100BE2C3C /* SwiftUINavigation */ = {
			isa = XCSwiftPackageProductDependency;
			productName = SwiftUINavigation;
		};
		CA48F2FB2C49645100BE2C3C /* UIKitNavigation */ = {
			isa = XCSwiftPackageProductDependency;
			productName = UIKitNavigation;
		};
		CA48F3012C49650100BE2C3C /* IdentifiedCollections */ = {
			isa = XCSwiftPackageProductDependency;
			package = CA48F3002C49650100BE2C3C /* XCRemoteSwiftPackageReference "swift-identified-collections" */;
			productName = IdentifiedCollections;
		};
		CA48F3042C49650F00BE2C3C /* Tagged */ = {
			isa = XCSwiftPackageProductDependency;
			package = CA48F3032C49650F00BE2C3C /* XCRemoteSwiftPackageReference "swift-tagged" */;
			productName = Tagged;
		};
		CA48F3072C49651700BE2C3C /* ConcurrencyExtras */ = {
			isa = XCSwiftPackageProductDependency;
			package = CA48F3062C49651700BE2C3C /* XCRemoteSwiftPackageReference "swift-concurrency-extras" */;
			productName = ConcurrencyExtras;
		};
		CAAFA9D22C8B422800BB2BA1 /* UIKitNavigation */ = {
			isa = XCSwiftPackageProductDependency;
			productName = UIKitNavigation;
		};
		CAAFA9D62C8B468000BB2BA1 /* AppKitNavigation */ = {
			isa = XCSwiftPackageProductDependency;
			productName = AppKitNavigation;
		};
		CAAFA9D82C8B468000BB2BA1 /* SwiftNavigation */ = {
			isa = XCSwiftPackageProductDependency;
			productName = SwiftNavigation;
		};
		CAAFA9DA2C8B468000BB2BA1 /* SwiftUINavigation */ = {
			isa = XCSwiftPackageProductDependency;
			productName = SwiftUINavigation;
		};
/* End XCSwiftPackageProductDependency section */
	};
	rootObject = CA47378C272F08EF0012CAC3 /* Project object */;
}
